// !$*UTF8*$!
{
	archiveVersion = 1;
	classes = {
	};
	objectVersion = 46;
	objects = {

/* Begin PBXBuildFile section */
		2000919E166E6E8F005C6DC8 /* image.png in Resources */ = {isa = PBXBuildFile; fileRef = 2000919D166E6E8F005C6DC8 /* image.png */; };
		208489DC1668E6590071AAC4 /* UIKit.framework in Frameworks */ = {isa = PBXBuildFile; fileRef = 208489DB1668E6590071AAC4 /* UIKit.framework */; };
		208489DE1668E6590071AAC4 /* Foundation.framework in Frameworks */ = {isa = PBXBuildFile; fileRef = 208489DD1668E6590071AAC4 /* Foundation.framework */; };
		208489E01668E6590071AAC4 /* CoreGraphics.framework in Frameworks */ = {isa = PBXBuildFile; fileRef = 208489DF1668E6590071AAC4 /* CoreGraphics.framework */; };
		208489E61668E6590071AAC4 /* InfoPlist.strings in Resources */ = {isa = PBXBuildFile; fileRef = 208489E41668E6590071AAC4 /* InfoPlist.strings */; };
		208489E81668E6590071AAC4 /* main.m in Sources */ = {isa = PBXBuildFile; fileRef = 208489E71668E6590071AAC4 /* main.m */; };
		208489EC1668E6590071AAC4 /* AppDelegate.m in Sources */ = {isa = PBXBuildFile; fileRef = 208489EB1668E6590071AAC4 /* AppDelegate.m */; };
		208489EE1668E6590071AAC4 /* Default.png in Resources */ = {isa = PBXBuildFile; fileRef = 208489ED1668E6590071AAC4 /* Default.png */; };
		208489F01668E6590071AAC4 /* Default@2x.png in Resources */ = {isa = PBXBuildFile; fileRef = 208489EF1668E6590071AAC4 /* Default@2x.png */; };
		208489F21668E6590071AAC4 /* Default-568h@2x.png in Resources */ = {isa = PBXBuildFile; fileRef = 208489F11668E6590071AAC4 /* Default-568h@2x.png */; };
		20848A0F1668EB790071AAC4 /* NTImageView.m in Sources */ = {isa = PBXBuildFile; fileRef = 20848A0E1668EB790071AAC4 /* NTImageView.m */; };
		20848AD1166920570071AAC4 /* NTNoteContentView.m in Sources */ = {isa = PBXBuildFile; fileRef = 20848AD0166920570071AAC4 /* NTNoteContentView.m */; };
		20848AD2166928410071AAC4 /* SPUserResizableView.m in Sources */ = {isa = PBXBuildFile; fileRef = 20848ACE16691FD70071AAC4 /* SPUserResizableView.m */; };
		20848AD916692E020071AAC4 /* NTUserResizableView.m in Sources */ = {isa = PBXBuildFile; fileRef = 20848AD816692E020071AAC4 /* NTUserResizableView.m */; };
		20848AE2166938970071AAC4 /* NTNoteItem.m in Sources */ = {isa = PBXBuildFile; fileRef = 20848AE1166938970071AAC4 /* NTNoteItem.m */; };
		20848AE516693D6D0071AAC4 /* NTNoteScrollView.m in Sources */ = {isa = PBXBuildFile; fileRef = 20848AE416693D6D0071AAC4 /* NTNoteScrollView.m */; };
		20848B15166A121F0071AAC4 /* NTNoteTextItem.m in Sources */ = {isa = PBXBuildFile; fileRef = 20848B14166A121F0071AAC4 /* NTNoteTextItem.m */; };
		20848B18166A12300071AAC4 /* NTNoteImageItem.m in Sources */ = {isa = PBXBuildFile; fileRef = 20848B17166A12300071AAC4 /* NTNoteImageItem.m */; };
		20848B1B166A12500071AAC4 /* NTNoteAudioItem.m in Sources */ = {isa = PBXBuildFile; fileRef = 20848B1A166A12500071AAC4 /* NTNoteAudioItem.m */; };
		20848B1E166A12620071AAC4 /* NTNotePathItem.m in Sources */ = {isa = PBXBuildFile; fileRef = 20848B1D166A12620071AAC4 /* NTNotePathItem.m */; };
		20848B21166A23350071AAC4 /* NTTextView.m in Sources */ = {isa = PBXBuildFile; fileRef = 20848B20166A23350071AAC4 /* NTTextView.m */; };
		20848B23166A351D0071AAC4 /* CoreText.framework in Frameworks */ = {isa = PBXBuildFile; fileRef = 20848B22166A351C0071AAC4 /* CoreText.framework */; };
		20A359C0166A3F2000793AA0 /* test.json in Resources */ = {isa = PBXBuildFile; fileRef = 20A359BF166A3F2000793AA0 /* test.json */; };
		24310B9716B45EE600587E65 /* Foundation.framework in Frameworks */ = {isa = PBXBuildFile; fileRef = 208489DD1668E6590071AAC4 /* Foundation.framework */; };
		24310B9C16B45EE600587E65 /* AUNotes.h in CopyFiles */ = {isa = PBXBuildFile; fileRef = 24310B9B16B45EE600587E65 /* AUNotes.h */; };
		24310B9E16B45EE600587E65 /* AUNotes.m in Sources */ = {isa = PBXBuildFile; fileRef = 24310B9D16B45EE600587E65 /* AUNotes.m */; };
		24310BA316B45EFF00587E65 /* NTNoteItem.m in Sources */ = {isa = PBXBuildFile; fileRef = 20848AE1166938970071AAC4 /* NTNoteItem.m */; };
		24310BA416B45EFF00587E65 /* NTNoteTextItem.m in Sources */ = {isa = PBXBuildFile; fileRef = 20848B14166A121F0071AAC4 /* NTNoteTextItem.m */; };
		24310BA516B45EFF00587E65 /* NTNoteImageItem.m in Sources */ = {isa = PBXBuildFile; fileRef = 20848B17166A12300071AAC4 /* NTNoteImageItem.m */; };
		24310BA616B45EFF00587E65 /* NTNoteAudioItem.m in Sources */ = {isa = PBXBuildFile; fileRef = 20848B1A166A12500071AAC4 /* NTNoteAudioItem.m */; };
		24310BA716B45EFF00587E65 /* NTNotePathItem.m in Sources */ = {isa = PBXBuildFile; fileRef = 20848B1D166A12620071AAC4 /* NTNotePathItem.m */; };
		24310BA816B45F0700587E65 /* NTNoteViewController.m in Sources */ = {isa = PBXBuildFile; fileRef = 208489F41668E6590071AAC4 /* NTNoteViewController.m */; };
		24310BA916B45F0700587E65 /* NTUserResizableView.m in Sources */ = {isa = PBXBuildFile; fileRef = 20848AD816692E020071AAC4 /* NTUserResizableView.m */; };
		24310BAB16B45F4D00587E65 /* NTNoteScrollView.m in Sources */ = {isa = PBXBuildFile; fileRef = 20848AE416693D6D0071AAC4 /* NTNoteScrollView.m */; };
		24310BAC16B45F4D00587E65 /* NTNoteContentView.m in Sources */ = {isa = PBXBuildFile; fileRef = 20848AD0166920570071AAC4 /* NTNoteContentView.m */; };
		24310BAD16B45F4D00587E65 /* NTTextView.m in Sources */ = {isa = PBXBuildFile; fileRef = 20848B20166A23350071AAC4 /* NTTextView.m */; };
		24310BAE16B45F4D00587E65 /* NTImageView.m in Sources */ = {isa = PBXBuildFile; fileRef = 20848A0E1668EB790071AAC4 /* NTImageView.m */; };
		24310BAF16B45F4D00587E65 /* SPUserResizableView.m in Sources */ = {isa = PBXBuildFile; fileRef = 20848ACE16691FD70071AAC4 /* SPUserResizableView.m */; };
		24310BB016B45F6200587E65 /* UIKit.framework in Frameworks */ = {isa = PBXBuildFile; fileRef = 208489DB1668E6590071AAC4 /* UIKit.framework */; };
		24310BB116B45F6D00587E65 /* CoreText.framework in Frameworks */ = {isa = PBXBuildFile; fileRef = 20848B22166A351C0071AAC4 /* CoreText.framework */; };
		24310BB216B45F7100587E65 /* CoreGraphics.framework in Frameworks */ = {isa = PBXBuildFile; fileRef = 208489DF1668E6590071AAC4 /* CoreGraphics.framework */; };
		24310BB416B45F9600587E65 /* NTNoteItem.h in Headers */ = {isa = PBXBuildFile; fileRef = 20848AE0166938970071AAC4 /* NTNoteItem.h */; settings = {ATTRIBUTES = (Public, ); }; };
		24310BB516B45F9600587E65 /* NTNoteTextItem.h in Headers */ = {isa = PBXBuildFile; fileRef = 20848B13166A121F0071AAC4 /* NTNoteTextItem.h */; settings = {ATTRIBUTES = (Public, ); }; };
		24310BB616B45F9600587E65 /* NTNoteImageItem.h in Headers */ = {isa = PBXBuildFile; fileRef = 20848B16166A12300071AAC4 /* NTNoteImageItem.h */; settings = {ATTRIBUTES = (Public, ); }; };
		24310BB716B45F9600587E65 /* NTNoteAudioItem.h in Headers */ = {isa = PBXBuildFile; fileRef = 20848B19166A12500071AAC4 /* NTNoteAudioItem.h */; settings = {ATTRIBUTES = (Public, ); }; };
		24310BB816B45F9600587E65 /* NTNotePathItem.h in Headers */ = {isa = PBXBuildFile; fileRef = 20848B1C166A12620071AAC4 /* NTNotePathItem.h */; settings = {ATTRIBUTES = (Public, ); }; };
		24310BB916B45F9600587E65 /* NTNoteViewController.h in Headers */ = {isa = PBXBuildFile; fileRef = 208489F31668E6590071AAC4 /* NTNoteViewController.h */; settings = {ATTRIBUTES = (Public, ); }; };
		24310BBA16B45F9600587E65 /* NTUserResizableView.h in Headers */ = {isa = PBXBuildFile; fileRef = 20848AD716692E020071AAC4 /* NTUserResizableView.h */; settings = {ATTRIBUTES = (Public, ); }; };
		24310BBB16B45F9F00587E65 /* NTNoteScrollView.h in Headers */ = {isa = PBXBuildFile; fileRef = 20848AE316693D6D0071AAC4 /* NTNoteScrollView.h */; settings = {ATTRIBUTES = (Public, ); }; };
		24310BBC16B45F9F00587E65 /* NTNoteContentView.h in Headers */ = {isa = PBXBuildFile; fileRef = 20848ACF166920570071AAC4 /* NTNoteContentView.h */; settings = {ATTRIBUTES = (Public, ); }; };
		24310BBD16B45F9F00587E65 /* NTTextView.h in Headers */ = {isa = PBXBuildFile; fileRef = 20848B1F166A23340071AAC4 /* NTTextView.h */; settings = {ATTRIBUTES = (Public, ); }; };
		24310BBE16B45F9F00587E65 /* NTImageView.h in Headers */ = {isa = PBXBuildFile; fileRef = 20848A0D1668EB790071AAC4 /* NTImageView.h */; settings = {ATTRIBUTES = (Public, ); }; };
		24310C3A16B460D200587E65 /* SPUserResizableView.h in Headers */ = {isa = PBXBuildFile; fileRef = 20848ACD16691FD70071AAC4 /* SPUserResizableView.h */; settings = {ATTRIBUTES = (Public, ); }; };
/* End PBXBuildFile section */

/* Begin PBXCopyFilesBuildPhase section */
		24310B9416B45EE600587E65 /* CopyFiles */ = {
			isa = PBXCopyFilesBuildPhase;
			buildActionMask = 2147483647;
			dstPath = "include/${PRODUCT_NAME}";
			dstSubfolderSpec = 16;
			files = (
				24310B9C16B45EE600587E65 /* AUNotes.h in CopyFiles */,
			);
			runOnlyForDeploymentPostprocessing = 0;
		};
/* End PBXCopyFilesBuildPhase section */

/* Begin PBXFileReference section */
		2000919D166E6E8F005C6DC8 /* image.png */ = {isa = PBXFileReference; lastKnownFileType = image.png; path = image.png; sourceTree = "<group>"; };
		208489D71668E6590071AAC4 /* Notes.app */ = {isa = PBXFileReference; explicitFileType = wrapper.application; includeInIndex = 0; path = Notes.app; sourceTree = BUILT_PRODUCTS_DIR; };
		208489DB1668E6590071AAC4 /* UIKit.framework */ = {isa = PBXFileReference; lastKnownFileType = wrapper.framework; name = UIKit.framework; path = System/Library/Frameworks/UIKit.framework; sourceTree = SDKROOT; };
		208489DD1668E6590071AAC4 /* Foundation.framework */ = {isa = PBXFileReference; lastKnownFileType = wrapper.framework; name = Foundation.framework; path = System/Library/Frameworks/Foundation.framework; sourceTree = SDKROOT; };
		208489DF1668E6590071AAC4 /* CoreGraphics.framework */ = {isa = PBXFileReference; lastKnownFileType = wrapper.framework; name = CoreGraphics.framework; path = System/Library/Frameworks/CoreGraphics.framework; sourceTree = SDKROOT; };
		208489E31668E6590071AAC4 /* Notes-Info.plist */ = {isa = PBXFileReference; lastKnownFileType = text.plist.xml; path = "Notes-Info.plist"; sourceTree = "<group>"; };
		208489E51668E6590071AAC4 /* en */ = {isa = PBXFileReference; lastKnownFileType = text.plist.strings; name = en; path = en.lproj/InfoPlist.strings; sourceTree = "<group>"; };
		208489E71668E6590071AAC4 /* main.m */ = {isa = PBXFileReference; lastKnownFileType = sourcecode.c.objc; path = main.m; sourceTree = "<group>"; };
		208489E91668E6590071AAC4 /* Notes-Prefix.pch */ = {isa = PBXFileReference; lastKnownFileType = sourcecode.c.h; path = "Notes-Prefix.pch"; sourceTree = "<group>"; };
		208489EA1668E6590071AAC4 /* AppDelegate.h */ = {isa = PBXFileReference; lastKnownFileType = sourcecode.c.h; path = AppDelegate.h; sourceTree = "<group>"; };
		208489EB1668E6590071AAC4 /* AppDelegate.m */ = {isa = PBXFileReference; lastKnownFileType = sourcecode.c.objc; path = AppDelegate.m; sourceTree = "<group>"; };
		208489ED1668E6590071AAC4 /* Default.png */ = {isa = PBXFileReference; lastKnownFileType = image.png; path = Default.png; sourceTree = "<group>"; };
		208489EF1668E6590071AAC4 /* Default@2x.png */ = {isa = PBXFileReference; lastKnownFileType = image.png; path = "Default@2x.png"; sourceTree = "<group>"; };
		208489F11668E6590071AAC4 /* Default-568h@2x.png */ = {isa = PBXFileReference; lastKnownFileType = image.png; path = "Default-568h@2x.png"; sourceTree = "<group>"; };
		208489F31668E6590071AAC4 /* NTNoteViewController.h */ = {isa = PBXFileReference; lastKnownFileType = sourcecode.c.h; path = NTNoteViewController.h; sourceTree = "<group>"; };
		208489F41668E6590071AAC4 /* NTNoteViewController.m */ = {isa = PBXFileReference; lastKnownFileType = sourcecode.c.objc; path = NTNoteViewController.m; sourceTree = "<group>"; };
		20848A0D1668EB790071AAC4 /* NTImageView.h */ = {isa = PBXFileReference; fileEncoding = 4; lastKnownFileType = sourcecode.c.h; name = NTImageView.h; path = ../../Common/Views/NTImageView.h; sourceTree = "<group>"; };
		20848A0E1668EB790071AAC4 /* NTImageView.m */ = {isa = PBXFileReference; fileEncoding = 4; lastKnownFileType = sourcecode.c.objc; name = NTImageView.m; path = ../../Common/Views/NTImageView.m; sourceTree = "<group>"; };
		20848ACD16691FD70071AAC4 /* SPUserResizableView.h */ = {isa = PBXFileReference; lastKnownFileType = sourcecode.c.h; name = SPUserResizableView.h; path = ../Frameworks/SPUserResizableView/SPUserResizableView/SPUserResizableView.h; sourceTree = "<group>"; };
		20848ACE16691FD70071AAC4 /* SPUserResizableView.m */ = {isa = PBXFileReference; lastKnownFileType = sourcecode.c.objc; name = SPUserResizableView.m; path = ../Frameworks/SPUserResizableView/SPUserResizableView/SPUserResizableView.m; sourceTree = "<group>"; };
		20848ACF166920570071AAC4 /* NTNoteContentView.h */ = {isa = PBXFileReference; fileEncoding = 4; lastKnownFileType = sourcecode.c.h; name = NTNoteContentView.h; path = ../../Common/Views/NTNoteContentView.h; sourceTree = "<group>"; };
		20848AD0166920570071AAC4 /* NTNoteContentView.m */ = {isa = PBXFileReference; fileEncoding = 4; lastKnownFileType = sourcecode.c.objc; name = NTNoteContentView.m; path = ../../Common/Views/NTNoteContentView.m; sourceTree = "<group>"; };
		20848AD716692E020071AAC4 /* NTUserResizableView.h */ = {isa = PBXFileReference; fileEncoding = 4; lastKnownFileType = sourcecode.c.h; name = NTUserResizableView.h; path = ../../Common/Views/NTUserResizableView.h; sourceTree = "<group>"; };
		20848AD816692E020071AAC4 /* NTUserResizableView.m */ = {isa = PBXFileReference; fileEncoding = 4; lastKnownFileType = sourcecode.c.objc; name = NTUserResizableView.m; path = ../../Common/Views/NTUserResizableView.m; sourceTree = "<group>"; };
		20848AE0166938970071AAC4 /* NTNoteItem.h */ = {isa = PBXFileReference; fileEncoding = 4; lastKnownFileType = sourcecode.c.h; name = NTNoteItem.h; path = ../../Common/Others/NTNoteItem.h; sourceTree = "<group>"; };
		20848AE1166938970071AAC4 /* NTNoteItem.m */ = {isa = PBXFileReference; fileEncoding = 4; lastKnownFileType = sourcecode.c.objc; name = NTNoteItem.m; path = ../../Common/Others/NTNoteItem.m; sourceTree = "<group>"; };
		20848AE316693D6D0071AAC4 /* NTNoteScrollView.h */ = {isa = PBXFileReference; fileEncoding = 4; lastKnownFileType = sourcecode.c.h; name = NTNoteScrollView.h; path = ../../Common/Views/NTNoteScrollView.h; sourceTree = "<group>"; };
		20848AE416693D6D0071AAC4 /* NTNoteScrollView.m */ = {isa = PBXFileReference; fileEncoding = 4; lastKnownFileType = sourcecode.c.objc; name = NTNoteScrollView.m; path = ../../Common/Views/NTNoteScrollView.m; sourceTree = "<group>"; };
		20848B13166A121F0071AAC4 /* NTNoteTextItem.h */ = {isa = PBXFileReference; fileEncoding = 4; lastKnownFileType = sourcecode.c.h; name = NTNoteTextItem.h; path = ../../Common/Others/NTNoteTextItem.h; sourceTree = "<group>"; };
		20848B14166A121F0071AAC4 /* NTNoteTextItem.m */ = {isa = PBXFileReference; fileEncoding = 4; lastKnownFileType = sourcecode.c.objc; name = NTNoteTextItem.m; path = ../../Common/Others/NTNoteTextItem.m; sourceTree = "<group>"; };
		20848B16166A12300071AAC4 /* NTNoteImageItem.h */ = {isa = PBXFileReference; fileEncoding = 4; lastKnownFileType = sourcecode.c.h; name = NTNoteImageItem.h; path = ../../Common/Others/NTNoteImageItem.h; sourceTree = "<group>"; };
		20848B17166A12300071AAC4 /* NTNoteImageItem.m */ = {isa = PBXFileReference; fileEncoding = 4; lastKnownFileType = sourcecode.c.objc; name = NTNoteImageItem.m; path = ../../Common/Others/NTNoteImageItem.m; sourceTree = "<group>"; };
		20848B19166A12500071AAC4 /* NTNoteAudioItem.h */ = {isa = PBXFileReference; fileEncoding = 4; lastKnownFileType = sourcecode.c.h; name = NTNoteAudioItem.h; path = ../../Common/Others/NTNoteAudioItem.h; sourceTree = "<group>"; };
		20848B1A166A12500071AAC4 /* NTNoteAudioItem.m */ = {isa = PBXFileReference; fileEncoding = 4; lastKnownFileType = sourcecode.c.objc; name = NTNoteAudioItem.m; path = ../../Common/Others/NTNoteAudioItem.m; sourceTree = "<group>"; };
		20848B1C166A12620071AAC4 /* NTNotePathItem.h */ = {isa = PBXFileReference; fileEncoding = 4; lastKnownFileType = sourcecode.c.h; name = NTNotePathItem.h; path = ../../Common/Others/NTNotePathItem.h; sourceTree = "<group>"; };
		20848B1D166A12620071AAC4 /* NTNotePathItem.m */ = {isa = PBXFileReference; fileEncoding = 4; lastKnownFileType = sourcecode.c.objc; name = NTNotePathItem.m; path = ../../Common/Others/NTNotePathItem.m; sourceTree = "<group>"; };
		20848B1F166A23340071AAC4 /* NTTextView.h */ = {isa = PBXFileReference; fileEncoding = 4; lastKnownFileType = sourcecode.c.h; name = NTTextView.h; path = ../../Common/Views/NTTextView.h; sourceTree = "<group>"; };
		20848B20166A23350071AAC4 /* NTTextView.m */ = {isa = PBXFileReference; fileEncoding = 4; lastKnownFileType = sourcecode.c.objc; name = NTTextView.m; path = ../../Common/Views/NTTextView.m; sourceTree = "<group>"; };
		20848B22166A351C0071AAC4 /* CoreText.framework */ = {isa = PBXFileReference; lastKnownFileType = wrapper.framework; name = CoreText.framework; path = System/Library/Frameworks/CoreText.framework; sourceTree = SDKROOT; };
		20A359BF166A3F2000793AA0 /* test.json */ = {isa = PBXFileReference; fileEncoding = 4; lastKnownFileType = text.json; path = test.json; sourceTree = "<group>"; };
		24310B9616B45EE600587E65 /* libAUNotes.a */ = {isa = PBXFileReference; explicitFileType = archive.ar; includeInIndex = 0; path = libAUNotes.a; sourceTree = BUILT_PRODUCTS_DIR; };
		24310B9A16B45EE600587E65 /* AUNotes-Prefix.pch */ = {isa = PBXFileReference; lastKnownFileType = sourcecode.c.h; path = "AUNotes-Prefix.pch"; sourceTree = "<group>"; };
		24310B9B16B45EE600587E65 /* AUNotes.h */ = {isa = PBXFileReference; lastKnownFileType = sourcecode.c.h; path = AUNotes.h; sourceTree = "<group>"; };
		24310B9D16B45EE600587E65 /* AUNotes.m */ = {isa = PBXFileReference; lastKnownFileType = sourcecode.c.objc; path = AUNotes.m; sourceTree = "<group>"; };
/* End PBXFileReference section */

/* Begin PBXFrameworksBuildPhase section */
		208489D41668E6590071AAC4 /* Frameworks */ = {
			isa = PBXFrameworksBuildPhase;
			buildActionMask = 2147483647;
			files = (
				20848B23166A351D0071AAC4 /* CoreText.framework in Frameworks */,
				208489DC1668E6590071AAC4 /* UIKit.framework in Frameworks */,
				208489DE1668E6590071AAC4 /* Foundation.framework in Frameworks */,
				208489E01668E6590071AAC4 /* CoreGraphics.framework in Frameworks */,
			);
			runOnlyForDeploymentPostprocessing = 0;
		};
		24310B9316B45EE600587E65 /* Frameworks */ = {
			isa = PBXFrameworksBuildPhase;
			buildActionMask = 2147483647;
			files = (
				24310BB216B45F7100587E65 /* CoreGraphics.framework in Frameworks */,
				24310BB116B45F6D00587E65 /* CoreText.framework in Frameworks */,
				24310BB016B45F6200587E65 /* UIKit.framework in Frameworks */,
				24310B9716B45EE600587E65 /* Foundation.framework in Frameworks */,
			);
			runOnlyForDeploymentPostprocessing = 0;
		};
/* End PBXFrameworksBuildPhase section */

/* Begin PBXGroup section */
		208489CC1668E6590071AAC4 = {
			isa = PBXGroup;
			children = (
				20848B22166A351C0071AAC4 /* CoreText.framework */,
				208489E11668E6590071AAC4 /* Classes */,
				20848A041668E74A0071AAC4 /* Resources */,
				24310B9816B45EE600587E65 /* AUNotes */,
				208489DA1668E6590071AAC4 /* Frameworks */,
				208489E21668E6590071AAC4 /* Supporting Files */,
				208489D81668E6590071AAC4 /* Products */,
			);
			sourceTree = "<group>";
		};
		208489D81668E6590071AAC4 /* Products */ = {
			isa = PBXGroup;
			children = (
				208489D71668E6590071AAC4 /* Notes.app */,
				24310B9616B45EE600587E65 /* libAUNotes.a */,
			);
			name = Products;
			sourceTree = "<group>";
		};
		208489DA1668E6590071AAC4 /* Frameworks */ = {
			isa = PBXGroup;
			children = (
				20848ACB16691FC90071AAC4 /* SPUserResizableView */,
				208489DB1668E6590071AAC4 /* UIKit.framework */,
				208489DD1668E6590071AAC4 /* Foundation.framework */,
				208489DF1668E6590071AAC4 /* CoreGraphics.framework */,
			);
			name = Frameworks;
			sourceTree = "<group>";
		};
		208489E11668E6590071AAC4 /* Classes */ = {
			isa = PBXGroup;
			children = (
				208489EA1668E6590071AAC4 /* AppDelegate.h */,
				208489EB1668E6590071AAC4 /* AppDelegate.m */,
				20848ADF166938620071AAC4 /* Models */,
				20848A071668E8120071AAC4 /* Controllers */,
				20848A081668E81F0071AAC4 /* Views */,
				20848AD316692A590071AAC4 /* Others */,
			);
			name = Classes;
			path = Notes;
			sourceTree = "<group>";
		};
		208489E21668E6590071AAC4 /* Supporting Files */ = {
			isa = PBXGroup;
			children = (
				208489E31668E6590071AAC4 /* Notes-Info.plist */,
				208489E41668E6590071AAC4 /* InfoPlist.strings */,
				208489E71668E6590071AAC4 /* main.m */,
				208489E91668E6590071AAC4 /* Notes-Prefix.pch */,
				208489ED1668E6590071AAC4 /* Default.png */,
				208489EF1668E6590071AAC4 /* Default@2x.png */,
				208489F11668E6590071AAC4 /* Default-568h@2x.png */,
			);
			name = "Supporting Files";
			path = Notes;
			sourceTree = "<group>";
		};
		20848A041668E74A0071AAC4 /* Resources */ = {
			isa = PBXGroup;
			children = (
				2000919D166E6E8F005C6DC8 /* image.png */,
				20A359BF166A3F2000793AA0 /* test.json */,
			);
			name = Resources;
			path = ../Resources;
			sourceTree = "<group>";
		};
		20848A071668E8120071AAC4 /* Controllers */ = {
			isa = PBXGroup;
			children = (
				208489F31668E6590071AAC4 /* NTNoteViewController.h */,
				208489F41668E6590071AAC4 /* NTNoteViewController.m */,
			);
			name = Controllers;
			sourceTree = "<group>";
		};
		20848A081668E81F0071AAC4 /* Views */ = {
			isa = PBXGroup;
			children = (
				20848AE316693D6D0071AAC4 /* NTNoteScrollView.h */,
				20848AE416693D6D0071AAC4 /* NTNoteScrollView.m */,
				20848ACF166920570071AAC4 /* NTNoteContentView.h */,
				20848AD0166920570071AAC4 /* NTNoteContentView.m */,
				20848B1F166A23340071AAC4 /* NTTextView.h */,
				20848B20166A23350071AAC4 /* NTTextView.m */,
				20848A0D1668EB790071AAC4 /* NTImageView.h */,
				20848A0E1668EB790071AAC4 /* NTImageView.m */,
			);
			name = Views;
			sourceTree = "<group>";
		};
		20848ACB16691FC90071AAC4 /* SPUserResizableView */ = {
			isa = PBXGroup;
			children = (
				20848ACD16691FD70071AAC4 /* SPUserResizableView.h */,
				20848ACE16691FD70071AAC4 /* SPUserResizableView.m */,
			);
			name = SPUserResizableView;
			sourceTree = "<group>";
		};
		20848AD316692A590071AAC4 /* Others */ = {
			isa = PBXGroup;
			children = (
				20848AD716692E020071AAC4 /* NTUserResizableView.h */,
				20848AD816692E020071AAC4 /* NTUserResizableView.m */,
			);
			name = Others;
			sourceTree = "<group>";
		};
		20848ADF166938620071AAC4 /* Models */ = {
			isa = PBXGroup;
			children = (
				20848AE0166938970071AAC4 /* NTNoteItem.h */,
				20848AE1166938970071AAC4 /* NTNoteItem.m */,
				20848B13166A121F0071AAC4 /* NTNoteTextItem.h */,
				20848B14166A121F0071AAC4 /* NTNoteTextItem.m */,
				20848B16166A12300071AAC4 /* NTNoteImageItem.h */,
				20848B17166A12300071AAC4 /* NTNoteImageItem.m */,
				20848B19166A12500071AAC4 /* NTNoteAudioItem.h */,
				20848B1A166A12500071AAC4 /* NTNoteAudioItem.m */,
				20848B1C166A12620071AAC4 /* NTNotePathItem.h */,
				20848B1D166A12620071AAC4 /* NTNotePathItem.m */,
			);
			name = Models;
			sourceTree = "<group>";
		};
		24310B9816B45EE600587E65 /* AUNotes */ = {
			isa = PBXGroup;
			children = (
				24310B9B16B45EE600587E65 /* AUNotes.h */,
				24310B9D16B45EE600587E65 /* AUNotes.m */,
				24310B9916B45EE600587E65 /* Supporting Files */,
			);
			path = AUNotes;
			sourceTree = "<group>";
		};
		24310B9916B45EE600587E65 /* Supporting Files */ = {
			isa = PBXGroup;
			children = (
				24310B9A16B45EE600587E65 /* AUNotes-Prefix.pch */,
			);
			name = "Supporting Files";
			sourceTree = "<group>";
		};
/* End PBXGroup section */

/* Begin PBXHeadersBuildPhase section */
		24310BB316B45F7F00587E65 /* Headers */ = {
			isa = PBXHeadersBuildPhase;
			buildActionMask = 2147483647;
			files = (
				24310BB416B45F9600587E65 /* NTNoteItem.h in Headers */,
				24310BB516B45F9600587E65 /* NTNoteTextItem.h in Headers */,
				24310BB616B45F9600587E65 /* NTNoteImageItem.h in Headers */,
				24310BB716B45F9600587E65 /* NTNoteAudioItem.h in Headers */,
				24310BB816B45F9600587E65 /* NTNotePathItem.h in Headers */,
				24310BB916B45F9600587E65 /* NTNoteViewController.h in Headers */,
				24310BBA16B45F9600587E65 /* NTUserResizableView.h in Headers */,
				24310BBB16B45F9F00587E65 /* NTNoteScrollView.h in Headers */,
				24310BBC16B45F9F00587E65 /* NTNoteContentView.h in Headers */,
				24310BBD16B45F9F00587E65 /* NTTextView.h in Headers */,
				24310BBE16B45F9F00587E65 /* NTImageView.h in Headers */,
				24310C3A16B460D200587E65 /* SPUserResizableView.h in Headers */,
			);
			runOnlyForDeploymentPostprocessing = 0;
		};
/* End PBXHeadersBuildPhase section */

/* Begin PBXNativeTarget section */
		208489D61668E6590071AAC4 /* Notes */ = {
			isa = PBXNativeTarget;
			buildConfigurationList = 208489FB1668E6590071AAC4 /* Build configuration list for PBXNativeTarget "Notes" */;
			buildPhases = (
				208489D31668E6590071AAC4 /* Sources */,
				208489D41668E6590071AAC4 /* Frameworks */,
				208489D51668E6590071AAC4 /* Resources */,
			);
			buildRules = (
			);
			dependencies = (
			);
			name = Notes;
			productName = Notes;
			productReference = 208489D71668E6590071AAC4 /* Notes.app */;
			productType = "com.apple.product-type.application";
		};
		24310B9516B45EE600587E65 /* AUNotes */ = {
			isa = PBXNativeTarget;
			buildConfigurationList = 24310BA116B45EE600587E65 /* Build configuration list for PBXNativeTarget "AUNotes" */;
			buildPhases = (
				24310B9216B45EE600587E65 /* Sources */,
				24310B9316B45EE600587E65 /* Frameworks */,
				24310B9416B45EE600587E65 /* CopyFiles */,
				24310BB316B45F7F00587E65 /* Headers */,
				24310C3F16B461DD00587E65 /* ShellScript */,
			);
			buildRules = (
			);
			dependencies = (
			);
			name = AUNotes;
			productName = AUNotes;
			productReference = 24310B9616B45EE600587E65 /* libAUNotes.a */;
			productType = "com.apple.product-type.library.static";
		};
/* End PBXNativeTarget section */

/* Begin PBXProject section */
		208489CE1668E6590071AAC4 /* Project object */ = {
			isa = PBXProject;
			attributes = {
				LastUpgradeCheck = 0450;
				ORGANIZATIONNAME = AppUnite.com;
			};
			buildConfigurationList = 208489D11668E6590071AAC4 /* Build configuration list for PBXProject "Notes" */;
			compatibilityVersion = "Xcode 3.2";
			developmentRegion = English;
			hasScannedForEncodings = 0;
			knownRegions = (
				en,
			);
			mainGroup = 208489CC1668E6590071AAC4;
			productRefGroup = 208489D81668E6590071AAC4 /* Products */;
			projectDirPath = "";
			projectRoot = "";
			targets = (
				208489D61668E6590071AAC4 /* Notes */,
				24310B9516B45EE600587E65 /* AUNotes */,
			);
		};
/* End PBXProject section */

/* Begin PBXResourcesBuildPhase section */
		208489D51668E6590071AAC4 /* Resources */ = {
			isa = PBXResourcesBuildPhase;
			buildActionMask = 2147483647;
			files = (
				208489E61668E6590071AAC4 /* InfoPlist.strings in Resources */,
				208489EE1668E6590071AAC4 /* Default.png in Resources */,
				208489F01668E6590071AAC4 /* Default@2x.png in Resources */,
				208489F21668E6590071AAC4 /* Default-568h@2x.png in Resources */,
				20A359C0166A3F2000793AA0 /* test.json in Resources */,
				2000919E166E6E8F005C6DC8 /* image.png in Resources */,
			);
			runOnlyForDeploymentPostprocessing = 0;
		};
/* End PBXResourcesBuildPhase section */

/* Begin PBXShellScriptBuildPhase section */
		24310C3F16B461DD00587E65 /* ShellScript */ = {
			isa = PBXShellScriptBuildPhase;
			buildActionMask = 2147483647;
			files = (
			);
			inputPaths = (
			);
			outputPaths = (
			);
			runOnlyForDeploymentPostprocessing = 0;
			shellPath = "/bin/sh Scripts/CopyHeadersToLegacyBuildDir.command";
			shellScript = "";
		};
/* End PBXShellScriptBuildPhase section */

/* Begin PBXSourcesBuildPhase section */
		208489D31668E6590071AAC4 /* Sources */ = {
			isa = PBXSourcesBuildPhase;
			buildActionMask = 2147483647;
			files = (
				20848AD2166928410071AAC4 /* SPUserResizableView.m in Sources */,
				208489E81668E6590071AAC4 /* main.m in Sources */,
				208489EC1668E6590071AAC4 /* AppDelegate.m in Sources */,
				20848A0F1668EB790071AAC4 /* NTImageView.m in Sources */,
				20848AD1166920570071AAC4 /* NTNoteContentView.m in Sources */,
				20848AD916692E020071AAC4 /* NTUserResizableView.m in Sources */,
				20848AE2166938970071AAC4 /* NTNoteItem.m in Sources */,
				20848AE516693D6D0071AAC4 /* NTNoteScrollView.m in Sources */,
				20848B15166A121F0071AAC4 /* NTNoteTextItem.m in Sources */,
				20848B18166A12300071AAC4 /* NTNoteImageItem.m in Sources */,
				20848B1B166A12500071AAC4 /* NTNoteAudioItem.m in Sources */,
				20848B1E166A12620071AAC4 /* NTNotePathItem.m in Sources */,
				20848B21166A23350071AAC4 /* NTTextView.m in Sources */,
			);
			runOnlyForDeploymentPostprocessing = 0;
		};
		24310B9216B45EE600587E65 /* Sources */ = {
			isa = PBXSourcesBuildPhase;
			buildActionMask = 2147483647;
			files = (
				24310BAB16B45F4D00587E65 /* NTNoteScrollView.m in Sources */,
				24310BAC16B45F4D00587E65 /* NTNoteContentView.m in Sources */,
				24310BAD16B45F4D00587E65 /* NTTextView.m in Sources */,
				24310BAE16B45F4D00587E65 /* NTImageView.m in Sources */,
				24310BAF16B45F4D00587E65 /* SPUserResizableView.m in Sources */,
				24310B9E16B45EE600587E65 /* AUNotes.m in Sources */,
				24310BA316B45EFF00587E65 /* NTNoteItem.m in Sources */,
				24310BA416B45EFF00587E65 /* NTNoteTextItem.m in Sources */,
				24310BA516B45EFF00587E65 /* NTNoteImageItem.m in Sources */,
				24310BA616B45EFF00587E65 /* NTNoteAudioItem.m in Sources */,
				24310BA716B45EFF00587E65 /* NTNotePathItem.m in Sources */,
				24310BA816B45F0700587E65 /* NTNoteViewController.m in Sources */,
				24310BA916B45F0700587E65 /* NTUserResizableView.m in Sources */,
			);
			runOnlyForDeploymentPostprocessing = 0;
		};
/* End PBXSourcesBuildPhase section */

/* Begin PBXVariantGroup section */
		208489E41668E6590071AAC4 /* InfoPlist.strings */ = {
			isa = PBXVariantGroup;
			children = (
				208489E51668E6590071AAC4 /* en */,
			);
			name = InfoPlist.strings;
			sourceTree = "<group>";
		};
/* End PBXVariantGroup section */

/* Begin XCBuildConfiguration section */
		208489F91668E6590071AAC4 /* Debug */ = {
			isa = XCBuildConfiguration;
			buildSettings = {
				ALWAYS_SEARCH_USER_PATHS = NO;
				CLANG_CXX_LANGUAGE_STANDARD = "gnu++0x";
				CLANG_CXX_LIBRARY = "libc++";
				CLANG_ENABLE_OBJC_ARC = YES;
				CLANG_WARN_EMPTY_BODY = YES;
				CLANG_WARN__DUPLICATE_METHOD_MATCH = YES;
				"CODE_SIGN_IDENTITY[sdk=iphoneos*]" = "iPhone Developer";
				COPY_PHASE_STRIP = NO;
				GCC_C_LANGUAGE_STANDARD = gnu99;
				GCC_DYNAMIC_NO_PIC = NO;
				GCC_OPTIMIZATION_LEVEL = 0;
				GCC_PREPROCESSOR_DEFINITIONS = (
					"DEBUG=1",
					"$(inherited)",
				);
				GCC_SYMBOLS_PRIVATE_EXTERN = NO;
				GCC_WARN_ABOUT_RETURN_TYPE = YES;
				GCC_WARN_UNINITIALIZED_AUTOS = YES;
				GCC_WARN_UNUSED_VARIABLE = YES;
				IPHONEOS_DEPLOYMENT_TARGET = 6.0;
				ONLY_ACTIVE_ARCH = YES;
				SDKROOT = iphoneos;
				TARGETED_DEVICE_FAMILY = 2;
			};
			name = Debug;
		};
		208489FA1668E6590071AAC4 /* Release */ = {
			isa = XCBuildConfiguration;
			buildSettings = {
				ALWAYS_SEARCH_USER_PATHS = NO;
				CLANG_CXX_LANGUAGE_STANDARD = "gnu++0x";
				CLANG_CXX_LIBRARY = "libc++";
				CLANG_ENABLE_OBJC_ARC = YES;
				CLANG_WARN_EMPTY_BODY = YES;
				CLANG_WARN__DUPLICATE_METHOD_MATCH = YES;
				"CODE_SIGN_IDENTITY[sdk=iphoneos*]" = "iPhone Developer";
				COPY_PHASE_STRIP = YES;
				GCC_C_LANGUAGE_STANDARD = gnu99;
				GCC_WARN_ABOUT_RETURN_TYPE = YES;
				GCC_WARN_UNINITIALIZED_AUTOS = YES;
				GCC_WARN_UNUSED_VARIABLE = YES;
				IPHONEOS_DEPLOYMENT_TARGET = 6.0;
				OTHER_CFLAGS = "-DNS_BLOCK_ASSERTIONS=1";
				SDKROOT = iphoneos;
				TARGETED_DEVICE_FAMILY = 2;
				VALIDATE_PRODUCT = YES;
			};
			name = Release;
		};
		208489FC1668E6590071AAC4 /* Debug */ = {
			isa = XCBuildConfiguration;
			buildSettings = {
				CLANG_ENABLE_OBJC_ARC = YES;
				"CODE_SIGN_IDENTITY[sdk=iphoneos*]" = "iPhone Developer: Tadeusz Wojtaszek (964H7638AZ)";
				GCC_PRECOMPILE_PREFIX_HEADER = YES;
				GCC_PREFIX_HEADER = "Notes/Notes-Prefix.pch";
				INFOPLIST_FILE = "Notes/Notes-Info.plist";
				IPHONEOS_DEPLOYMENT_TARGET = 5.0;
				PRODUCT_NAME = "$(TARGET_NAME)";
				"PROVISIONING_PROFILE[sdk=iphoneos*]" = "A1C4EEDD-BA56-4A51-98FB-77D1932ECA4F";
				WRAPPER_EXTENSION = app;
			};
			name = Debug;
		};
		208489FD1668E6590071AAC4 /* Release */ = {
			isa = XCBuildConfiguration;
			buildSettings = {
				CLANG_ENABLE_OBJC_ARC = YES;
				"CODE_SIGN_IDENTITY[sdk=iphoneos*]" = "iPhone Developer: Tadeusz Wojtaszek (964H7638AZ)";
				GCC_PRECOMPILE_PREFIX_HEADER = YES;
				GCC_PREFIX_HEADER = "Notes/Notes-Prefix.pch";
				INFOPLIST_FILE = "Notes/Notes-Info.plist";
				IPHONEOS_DEPLOYMENT_TARGET = 5.0;
				PRODUCT_NAME = "$(TARGET_NAME)";
				"PROVISIONING_PROFILE[sdk=iphoneos*]" = "A1C4EEDD-BA56-4A51-98FB-77D1932ECA4F";
				WRAPPER_EXTENSION = app;
			};
			name = Release;
		};
		24310B9F16B45EE600587E65 /* Debug */ = {
			isa = XCBuildConfiguration;
			buildSettings = {
				DSTROOT = /tmp/AUNotes.dst;
				GCC_PRECOMPILE_PREFIX_HEADER = YES;
				GCC_PREFIX_HEADER = "AUNotes/AUNotes-Prefix.pch";
				OTHER_LDFLAGS = "-ObjC";
				PRIVATE_HEADERS_FOLDER_PATH = include/AUNotes/private;
				PRODUCT_NAME = "$(TARGET_NAME)";
				PUBLIC_HEADERS_FOLDER_PATH = include/AUNotes;
				SKIP_INSTALL = YES;
			};
			name = Debug;
		};
		24310BA016B45EE600587E65 /* Release */ = {
			isa = XCBuildConfiguration;
			buildSettings = {
				DSTROOT = /tmp/AUNotes.dst;
				GCC_PRECOMPILE_PREFIX_HEADER = YES;
				GCC_PREFIX_HEADER = "AUNotes/AUNotes-Prefix.pch";
				OTHER_LDFLAGS = "-ObjC";
				PRIVATE_HEADERS_FOLDER_PATH = include/AUNotes/private;
				PRODUCT_NAME = "$(TARGET_NAME)";
				PUBLIC_HEADERS_FOLDER_PATH = include/AUNotes;
				SKIP_INSTALL = YES;
			};
			name = Release;
		};
/* End XCBuildConfiguration section */

/* Begin XCConfigurationList section */
		208489D11668E6590071AAC4 /* Build configuration list for PBXProject "Notes" */ = {
			isa = XCConfigurationList;
			buildConfigurations = (
				208489F91668E6590071AAC4 /* Debug */,
				208489FA1668E6590071AAC4 /* Release */,
			);
			defaultConfigurationIsVisible = 0;
			defaultConfigurationName = Release;
		};
		208489FB1668E6590071AAC4 /* Build configuration list for PBXNativeTarget "Notes" */ = {
			isa = XCConfigurationList;
			buildConfigurations = (
				208489FC1668E6590071AAC4 /* Debug */,
				208489FD1668E6590071AAC4 /* Release */,
			);
			defaultConfigurationIsVisible = 0;
			defaultConfigurationName = Release;
		};
		24310BA116B45EE600587E65 /* Build configuration list for PBXNativeTarget "AUNotes" */ = {
			isa = XCConfigurationList;
			buildConfigurations = (
				24310B9F16B45EE600587E65 /* Debug */,
				24310BA016B45EE600587E65 /* Release */,
			);
			defaultConfigurationIsVisible = 0;
			defaultConfigurationName = Release;
		};
/* End XCConfigurationList section */
	};
	rootObject = 208489CE1668E6590071AAC4 /* Project object */;
}
